
Microsoft Visual Studio Solution File, Format Version 12.00
# Visual Studio 15
VisualStudioVersion = 15.0.27428.2015
MinimumVisualStudioVersion = 10.0.40219.1
Project("{FAE04EC0-301F-11D3-BF4B-00C04F79EFBC}") = "DropSort", "DropSort\DropSort.csproj", "{62A8769C-E156-4391-B12A-920E4EE01387}"
EndProject
Global
	GlobalSection(SolutionConfigurationPlatforms) = preSolution
		Debug|Any CPU = Debug|Any CPU
		Release|Any CPU = Release|Any CPU
	EndGlobalSection
	GlobalSection(ProjectConfigurationPlatforms) = postSolution
		{62A8769C-E156-4391-B12A-920E4EE01387}.Debug|Any CPU.ActiveCfg = Debug|Any CPU
		{62A8769C-E156-4391-B12A-920E4EE01387}.Debug|Any CPU.Build.0 = Debug|Any CPU
		{62A8769C-E156-4391-B12A-920E4EE01387}.Release|Any CPU.ActiveCfg = Release|Any CPU
		{62A8769C-E156-4391-B12A-920E4EE01387}.Release|Any CPU.Build.0 = Release|Any CPU
	EndGlobalSection
	GlobalSection(SolutionProperties) = preSolution
		HideSolutionNode = FALSE
	EndGlobalSection
	GlobalSection(ExtensibilityGlobals) = postSolution
		SolutionGuid = {9924BD55-1E59-42AD-BBD9-8B140566F998}
	EndGlobalSection
EndGlobal
